# This file is automatically @generated by Cargo.
# It is not intended for manual editing.
version = 4

[[package]]
name = "data-strux"
version = "0.1.0"

[[package]]
name = "geome"
version = "0.1.0"

[[package]]
name = "math-optim-verify"
version = "0.1.0"
dependencies = [
 "data-strux",
 "geome",
 "seqenz",
]

[[package]]
name = "seqenz"
version = "0.1.0"
