# This file is automatically @generated by Cargo.
# It is not intended for manual editing.
version = 4

[[package]]
name = "data-strux"
version = "0.1.0"
source = "git+https://github.com/chiaoicchi/math-optim-rs#c02d488a414161dd035f2709a0799b644c23de9d"

[[package]]
name = "math-optim-verify"
version = "0.1.0"
dependencies = [
 "data-strux",
]
